
Microsoft Visual Studio Solution File, Format Version 12.00
# Visual Studio Version 17
VisualStudioVersion = 17.9.34728.123
MinimumVisualStudioVersion = 10.0.40219.1
Project("{2150E333-8FDC-42A3-9474-1A3956D46DE8}") = "FrontEnd", "FrontEnd", "{B10E657C-3D1A-40E9-8D4F-BD0B09C125C7}"
EndProject
Project("{2150E333-8FDC-42A3-9474-1A3956D46DE8}") = "Services", "Services", "{1F3787B5-0AC9-4654-94A7-9CA00E7560AD}"
EndProject
Project("{9A19103F-16F7-4668-BE54-9A1E7A4F7556}") = "Microservices.Services.AuthAPI", "Microservices.Services.AuthAPI\Microservices.Services.AuthAPI.csproj", "{AF09ACF9-1AEF-44A8-B818-992FD56BD3A5}"
EndProject
Project("{9A19103F-16F7-4668-BE54-9A1E7A4F7556}") = "Microservices.Services.Product", "Microservices.Services.Product\Microservices.Services.Product.csproj", "{93607373-7824-42F6-9176-050DD1037A48}"
EndProject
Project("{2150E333-8FDC-42A3-9474-1A3956D46DE8}") = "Passo_a_Passo", "Passo_a_Passo", "{B5F3A211-556F-4B14-BFA1-4A45E1E4B76E}"
	ProjectSection(SolutionItems) = preProject
		..\..\..\Desktop\MICROSERVICES_01_TOKEN.txt = ..\..\..\Desktop\MICROSERVICES_01_TOKEN.txt
	EndProjectSection
EndProject
Global
	GlobalSection(SolutionConfigurationPlatforms) = preSolution
		Debug|Any CPU = Debug|Any CPU
		Release|Any CPU = Release|Any CPU
	EndGlobalSection
	GlobalSection(ProjectConfigurationPlatforms) = postSolution
		{AF09ACF9-1AEF-44A8-B818-992FD56BD3A5}.Debug|Any CPU.ActiveCfg = Debug|Any CPU
		{AF09ACF9-1AEF-44A8-B818-992FD56BD3A5}.Debug|Any CPU.Build.0 = Debug|Any CPU
		{AF09ACF9-1AEF-44A8-B818-992FD56BD3A5}.Release|Any CPU.ActiveCfg = Release|Any CPU
		{AF09ACF9-1AEF-44A8-B818-992FD56BD3A5}.Release|Any CPU.Build.0 = Release|Any CPU
		{93607373-7824-42F6-9176-050DD1037A48}.Debug|Any CPU.ActiveCfg = Debug|Any CPU
		{93607373-7824-42F6-9176-050DD1037A48}.Debug|Any CPU.Build.0 = Debug|Any CPU
		{93607373-7824-42F6-9176-050DD1037A48}.Release|Any CPU.ActiveCfg = Release|Any CPU
		{93607373-7824-42F6-9176-050DD1037A48}.Release|Any CPU.Build.0 = Release|Any CPU
	EndGlobalSection
	GlobalSection(SolutionProperties) = preSolution
		HideSolutionNode = FALSE
	EndGlobalSection
	GlobalSection(NestedProjects) = preSolution
		{AF09ACF9-1AEF-44A8-B818-992FD56BD3A5} = {1F3787B5-0AC9-4654-94A7-9CA00E7560AD}
		{93607373-7824-42F6-9176-050DD1037A48} = {1F3787B5-0AC9-4654-94A7-9CA00E7560AD}
	EndGlobalSection
	GlobalSection(ExtensibilityGlobals) = postSolution
		SolutionGuid = {FB977E3B-FACB-4BD5-AFE6-6EA7784674E8}
	EndGlobalSection
EndGlobal
